
Microsoft Visual Studio Solution File, Format Version 12.00
# Visual Studio Version 17
VisualStudioVersion = 17.3.32929.385
MinimumVisualStudioVersion = 10.0.40219.1
Project("{FAE04EC0-301F-11D3-BF4B-00C04F79EFBC}") = "Web_Client", "Web_Client\Web_Client.csproj", "{BC820AB5-FC90-408E-9B22-9695F82E7C13}"
EndProject
Global
	GlobalSection(SolutionConfigurationPlatforms) = preSolution
		Debug|Any CPU = Debug|Any CPU
		Release|Any CPU = Release|Any CPU
	EndGlobalSection
	GlobalSection(ProjectConfigurationPlatforms) = postSolution
		{BC820AB5-FC90-408E-9B22-9695F82E7C13}.Debug|Any CPU.ActiveCfg = Debug|Any CPU
		{BC820AB5-FC90-408E-9B22-9695F82E7C13}.Debug|Any CPU.Build.0 = Debug|Any CPU
		{BC820AB5-FC90-408E-9B22-9695F82E7C13}.Release|Any CPU.ActiveCfg = Release|Any CPU
		{BC820AB5-FC90-408E-9B22-9695F82E7C13}.Release|Any CPU.Build.0 = Release|Any CPU
	EndGlobalSection
	GlobalSection(SolutionProperties) = preSolution
		HideSolutionNode = FALSE
	EndGlobalSection
	GlobalSection(ExtensibilityGlobals) = postSolution
		SolutionGuid = {D8AAEC05-B177-41FE-89E2-D4B580D3A0FE}
	EndGlobalSection
EndGlobal
