
Microsoft Visual Studio Solution File, Format Version 12.00
# Visual Studio Version 16
VisualStudioVersion = 16.0.32929.386
MinimumVisualStudioVersion = 10.0.40219.1
Project("{FAE04EC0-301F-11D3-BF4B-00C04F79EFBC}") = "YK_CA", "YK_CA\YK_CA.csproj", "{60625799-5065-4356-A60D-1F304B9E1B67}"
EndProject
Global
	GlobalSection(SolutionConfigurationPlatforms) = preSolution
		Debug|Any CPU = Debug|Any CPU
		Release|Any CPU = Release|Any CPU
	EndGlobalSection
	GlobalSection(ProjectConfigurationPlatforms) = postSolution
		{60625799-5065-4356-A60D-1F304B9E1B67}.Debug|Any CPU.ActiveCfg = Debug|Any CPU
		{60625799-5065-4356-A60D-1F304B9E1B67}.Debug|Any CPU.Build.0 = Debug|Any CPU
		{60625799-5065-4356-A60D-1F304B9E1B67}.Release|Any CPU.ActiveCfg = Release|Any CPU
		{60625799-5065-4356-A60D-1F304B9E1B67}.Release|Any CPU.Build.0 = Release|Any CPU
	EndGlobalSection
	GlobalSection(SolutionProperties) = preSolution
		HideSolutionNode = FALSE
	EndGlobalSection
	GlobalSection(ExtensibilityGlobals) = postSolution
		SolutionGuid = {FDB9C059-5F5F-41C2-B34F-A349AB3AB35D}
	EndGlobalSection
EndGlobal
